{
  "name": "rollup-plugin-karas",
  "version": "0.1.0",
  "lockfileVersion": 1,
  "requires": true,
  "dependencies": {
    "yurine": {
      "version": "0.3.1",
      "resolved": "https://registry.npm.alibaba-inc.com/yurine/download/yurine-0.3.1.tgz",
      "requires": {
        "homunculus": "~1.6.0"
      },
      "dependencies": {
        "homunculus": {
          "version": "1.6.1",
          "resolved": "https://registry.npm.alibaba-inc.com/homunculus/download/homunculus-1.6.1.tgz"
        }
      }
    }
  }
}
